// !$*UTF8*$!
{
	archiveVersion = 1;
	classes = {
	};
	objectVersion = 46;
	objects = {

/* Begin PBXBuildFile section */
		A32A1C9F1D2FF51F008D7206 /* AppDelegate.swift in Sources */ = {isa = PBXBuildFile; fileRef = A32A1C9E1D2FF51F008D7206 /* AppDelegate.swift */; };
		A32A1CA11D2FF51F008D7206 /* ViewController.swift in Sources */ = {isa = PBXBuildFile; fileRef = A32A1CA01D2FF51F008D7206 /* ViewController.swift */; };
		A32A1CA41D2FF51F008D7206 /* Main.storyboard in Resources */ = {isa = PBXBuildFile; fileRef = A32A1CA21D2FF51F008D7206 /* Main.storyboard */; };
		A32A1CA71D2FF51F008D7206 /* Pokedex.xcdatamodeld in Sources */ = {isa = PBXBuildFile; fileRef = A32A1CA51D2FF51F008D7206 /* Pokedex.xcdatamodeld */; };
		A32A1CA91D2FF51F008D7206 /* Assets.xcassets in Resources */ = {isa = PBXBuildFile; fileRef = A32A1CA81D2FF51F008D7206 /* Assets.xcassets */; };
		A32A1CAC1D2FF520008D7206 /* LaunchScreen.storyboard in Resources */ = {isa = PBXBuildFile; fileRef = A32A1CAA1D2FF520008D7206 /* LaunchScreen.storyboard */; };
		A32A1CB41D2FF71E008D7206 /* pokemon.csv in Resources */ = {isa = PBXBuildFile; fileRef = A32A1CB31D2FF71E008D7206 /* pokemon.csv */; };
/* End PBXBuildFile section */

/* Begin PBXFileReference section */
		A32A1C9B1D2FF51F008D7206 /* Pokedex.app */ = {isa = PBXFileReference; explicitFileType = wrapper.application; includeInIndex = 0; path = Pokedex.app; sourceTree = BUILT_PRODUCTS_DIR; };
		A32A1C9E1D2FF51F008D7206 /* AppDelegate.swift */ = {isa = PBXFileReference; lastKnownFileType = sourcecode.swift; path = AppDelegate.swift; sourceTree = "<group>"; };
		A32A1CA01D2FF51F008D7206 /* ViewController.swift */ = {isa = PBXFileReference; lastKnownFileType = sourcecode.swift; path = ViewController.swift; sourceTree = "<group>"; };
		A32A1CA31D2FF51F008D7206 /* Base */ = {isa = PBXFileReference; lastKnownFileType = file.storyboard; name = Base; path = Base.lproj/Main.storyboard; sourceTree = "<group>"; };
		A32A1CA61D2FF51F008D7206 /* Pokedex.xcdatamodel */ = {isa = PBXFileReference; lastKnownFileType = wrapper.xcdatamodel; path = Pokedex.xcdatamodel; sourceTree = "<group>"; };
		A32A1CA81D2FF51F008D7206 /* Assets.xcassets */ = {isa = PBXFileReference; lastKnownFileType = folder.assetcatalog; path = Assets.xcassets; sourceTree = "<group>"; };
		A32A1CAB1D2FF520008D7206 /* Base */ = {isa = PBXFileReference; lastKnownFileType = file.storyboard; name = Base; path = Base.lproj/LaunchScreen.storyboard; sourceTree = "<group>"; };
		A32A1CAD1D2FF520008D7206 /* Info.plist */ = {isa = PBXFileReference; lastKnownFileType = text.plist.xml; path = Info.plist; sourceTree = "<group>"; };
		A32A1CB31D2FF71E008D7206 /* pokemon.csv */ = {isa = PBXFileReference; fileEncoding = 4; lastKnownFileType = text; path = pokemon.csv; sourceTree = "<group>"; };
/* End PBXFileReference section */

/* Begin PBXFrameworksBuildPhase section */
		A32A1C981D2FF51F008D7206 /* Frameworks */ = {
			isa = PBXFrameworksBuildPhase;
			buildActionMask = 2147483647;
			files = (
			);
			runOnlyForDeploymentPostprocessing = 0;
		};
/* End PBXFrameworksBuildPhase section */

/* Begin PBXGroup section */
		A32A1C921D2FF51F008D7206 = {
			isa = PBXGroup;
			children = (
				A32A1C9D1D2FF51F008D7206 /* Pokedex */,
				A32A1C9C1D2FF51F008D7206 /* Products */,
			);
			sourceTree = "<group>";
		};
		A32A1C9C1D2FF51F008D7206 /* Products */ = {
			isa = PBXGroup;
			children = (
				A32A1C9B1D2FF51F008D7206 /* Pokedex.app */,
			);
			name = Products;
			sourceTree = "<group>";
		};
		A32A1C9D1D2FF51F008D7206 /* Pokedex */ = {
			isa = PBXGroup;
			children = (
				A32A1C9E1D2FF51F008D7206 /* AppDelegate.swift */,
				A32A1CA01D2FF51F008D7206 /* ViewController.swift */,
				A32A1CA21D2FF51F008D7206 /* Main.storyboard */,
				A32A1CB31D2FF71E008D7206 /* pokemon.csv */,
				A32A1CA81D2FF51F008D7206 /* Assets.xcassets */,
				A32A1CAA1D2FF520008D7206 /* LaunchScreen.storyboard */,
				A32A1CAD1D2FF520008D7206 /* Info.plist */,
				A32A1CA51D2FF51F008D7206 /* Pokedex.xcdatamodeld */,
			);
			path = Pokedex;
			sourceTree = "<group>";
		};
/* End PBXGroup section */

/* Begin PBXNativeTarget section */
		A32A1C9A1D2FF51F008D7206 /* Pokedex */ = {
			isa = PBXNativeTarget;
			buildConfigurationList = A32A1CB01D2FF520008D7206 /* Build configuration list for PBXNativeTarget "Pokedex" */;
			buildPhases = (
				A32A1C971D2FF51F008D7206 /* Sources */,
				A32A1C981D2FF51F008D7206 /* Frameworks */,
				A32A1C991D2FF51F008D7206 /* Resources */,
			);
			buildRules = (
			);
			dependencies = (
			);
			name = Pokedex;
			productName = Pokedex;
			productReference = A32A1C9B1D2FF51F008D7206 /* Pokedex.app */;
			productType = "com.apple.product-type.application";
		};
/* End PBXNativeTarget section */

/* Begin PBXProject section */
		A32A1C931D2FF51F008D7206 /* Project object */ = {
			isa = PBXProject;
			attributes = {
				LastSwiftUpdateCheck = 0730;
				LastUpgradeCheck = 0730;
				ORGANIZATIONNAME = Techinator;
				TargetAttributes = {
					A32A1C9A1D2FF51F008D7206 = {
						CreatedOnToolsVersion = 7.3;
						DevelopmentTeam = KMTZDB3J22;
					};
				};
			};
			buildConfigurationList = A32A1C961D2FF51F008D7206 /* Build configuration list for PBXProject "Pokedex" */;
			compatibilityVersion = "Xcode 3.2";
			developmentRegion = English;
			hasScannedForEncodings = 0;
			knownRegions = (
				en,
				Base,
			);
			mainGroup = A32A1C921D2FF51F008D7206;
			productRefGroup = A32A1C9C1D2FF51F008D7206 /* Products */;
			projectDirPath = "";
			projectRoot = "";
			targets = (
				A32A1C9A1D2FF51F008D7206 /* Pokedex */,
			);
		};
/* End PBXProject section */

/* Begin PBXResourcesBuildPhase section */
		A32A1C991D2FF51F008D7206 /* Resources */ = {
			isa = PBXResourcesBuildPhase;
			buildActionMask = 2147483647;
			files = (
				A32A1CAC1D2FF520008D7206 /* LaunchScreen.storyboard in Resources */,
				A32A1CA91D2FF51F008D7206 /* Assets.xcassets in Resources */,
				A32A1CB41D2FF71E008D7206 /* pokemon.csv in Resources */,
				A32A1CA41D2FF51F008D7206 /* Main.storyboard in Resources */,
			);
			runOnlyForDeploymentPostprocessing = 0;
		};
/* End PBXResourcesBuildPhase section */

/* Begin PBXSourcesBuildPhase section */
		A32A1C971D2FF51F008D7206 /* Sources */ = {
			isa = PBXSourcesBuildPhase;
			buildActionMask = 2147483647;
			files = (
				A32A1CA11D2FF51F008D7206 /* ViewController.swift in Sources */,
				A32A1CA71D2FF51F008D7206 /* Pokedex.xcdatamodeld in Sources */,
				A32A1C9F1D2FF51F008D7206 /* AppDelegate.swift in Sources */,
			);
			runOnlyForDeploymentPostprocessing = 0;
		};
/* End PBXSourcesBuildPhase section */

/* Begin PBXVariantGroup section */
		A32A1CA21D2FF51F008D7206 /* Main.storyboard */ = {
			isa = PBXVariantGroup;
			children = (
				A32A1CA31D2FF51F008D7206 /* Base */,
			);
			name = Main.storyboard;
			sourceTree = "<group>";
		};
		A32A1CAA1D2FF520008D7206 /* LaunchScreen.storyboard */ = {
			isa = PBXVariantGroup;
			children = (
				A32A1CAB1D2FF520008D7206 /* Base */,
			);
			name = LaunchScreen.storyboard;
			sourceTree = "<group>";
		};
/* End PBXVariantGroup section */

/* Begin XCBuildConfiguration section */
		A32A1CAE1D2FF520008D7206 /* Debug */ = {
			isa = XCBuildConfiguration;
			buildSettings = {
				ALWAYS_SEARCH_USER_PATHS = NO;
				CLANG_ANALYZER_NONNULL = YES;
				CLANG_CXX_LANGUAGE_STANDARD = "gnu++0x";
				CLANG_CXX_LIBRARY = "libc++";
				CLANG_ENABLE_MODULES = YES;
				CLANG_ENABLE_OBJC_ARC = YES;
				CLANG_WARN_BOOL_CONVERSION = YES;
				CLANG_WARN_CONSTANT_CONVERSION = YES;
				CLANG_WARN_DIRECT_OBJC_ISA_USAGE = YES_ERROR;
				CLANG_WARN_EMPTY_BODY = YES;
				CLANG_WARN_ENUM_CONVERSION = YES;
				CLANG_WARN_INT_CONVERSION = YES;
				CLANG_WARN_OBJC_ROOT_CLASS = YES_ERROR;
				CLANG_WARN_UNREACHABLE_CODE = YES;
				CLANG_WARN__DUPLICATE_METHOD_MATCH = YES;
				"CODE_SIGN_IDENTITY[sdk=iphoneos*]" = "iPhone Developer";
				COPY_PHASE_STRIP = NO;
				DEBUG_INFORMATION_FORMAT = dwarf;
				ENABLE_STRICT_OBJC_MSGSEND = YES;
				ENABLE_TESTABILITY = YES;
				GCC_C_LANGUAGE_STANDARD = gnu99;
				GCC_DYNAMIC_NO_PIC = NO;
				GCC_NO_COMMON_BLOCKS = YES;
				GCC_OPTIMIZATION_LEVEL = 0;
				GCC_PREPROCESSOR_DEFINITIONS = (
					"DEBUG=1",
					"$(inherited)",
				);
				GCC_WARN_64_TO_32_BIT_CONVERSION = YES;
				GCC_WARN_ABOUT_RETURN_TYPE = YES_ERROR;
				GCC_WARN_UNDECLARED_SELECTOR = YES;
				GCC_WARN_UNINITIALIZED_AUTOS = YES_AGGRESSIVE;
				GCC_WARN_UNUSED_FUNCTION = YES;
				GCC_WARN_UNUSED_VARIABLE = YES;
				IPHONEOS_DEPLOYMENT_TARGET = 9.3;
				MTL_ENABLE_DEBUG_INFO = YES;
				ONLY_ACTIVE_ARCH = YES;
				SDKROOT = iphoneos;
				SWIFT_OPTIMIZATION_LEVEL = "-Onone";
				TARGETED_DEVICE_FAMILY = "1,2";
			};
			name = Debug;
		};
		A32A1CAF1D2FF520008D7206 /* Release */ = {
			isa = XCBuildConfiguration;
			buildSettings = {
				ALWAYS_SEARCH_USER_PATHS = NO;
				CLANG_ANALYZER_NONNULL = YES;
				CLANG_CXX_LANGUAGE_STANDARD = "gnu++0x";
				CLANG_CXX_LIBRARY = "libc++";
				CLANG_ENABLE_MODULES = YES;
				CLANG_ENABLE_OBJC_ARC = YES;
				CLANG_WARN_BOOL_CONVERSION = YES;
				CLANG_WARN_CONSTANT_CONVERSION = YES;
				CLANG_WARN_DIRECT_OBJC_ISA_USAGE = YES_ERROR;
				CLANG_WARN_EMPTY_BODY = YES;
				CLANG_WARN_ENUM_CONVERSION = YES;
				CLANG_WARN_INT_CONVERSION = YES;
				CLANG_WARN_OBJC_ROOT_CLASS = YES_ERROR;
				CLANG_WARN_UNREACHABLE_CODE = YES;
				CLANG_WARN__DUPLICATE_METHOD_MATCH = YES;
				"CODE_SIGN_IDENTITY[sdk=iphoneos*]" = "iPhone Developer";
				COPY_PHASE_STRIP = NO;
				DEBUG_INFORMATION_FORMAT = "dwarf-with-dsym";
				ENABLE_NS_ASSERTIONS = NO;
				ENABLE_STRICT_OBJC_MSGSEND = YES;
				GCC_C_LANGUAGE_STANDARD = gnu99;
				GCC_NO_COMMON_BLOCKS = YES;
				GCC_WARN_64_TO_32_BIT_CONVERSION = YES;
				GCC_WARN_ABOUT_RETURN_TYPE = YES_ERROR;
				GCC_WARN_UNDECLARED_SELECTOR = YES;
				GCC_WARN_UNINITIALIZED_AUTOS = YES_AGGRESSIVE;
				GCC_WARN_UNUSED_FUNCTION = YES;
				GCC_WARN_UNUSED_VARIABLE = YES;
				IPHONEOS_DEPLOYMENT_TARGET = 9.3;
				MTL_ENABLE_DEBUG_INFO = NO;
				SDKROOT = iphoneos;
				TARGETED_DEVICE_FAMILY = "1,2";
				VALIDATE_PRODUCT = YES;
			};
			name = Release;
		};
		A32A1CB11D2FF520008D7206 /* Debug */ = {
			isa = XCBuildConfiguration;
			buildSettings = {
				ASSETCATALOG_COMPILER_APPICON_NAME = AppIcon;
				INFOPLIST_FILE = Pokedex/Info.plist;
				LD_RUNPATH_SEARCH_PATHS = "$(inherited) @executable_path/Frameworks";
				PRODUCT_BUNDLE_IDENTIFIER = com.Techinator.Pokedex;
				PRODUCT_NAME = "$(TARGET_NAME)";
			};
			name = Debug;
		};
		A32A1CB21D2FF520008D7206 /* Release */ = {
			isa = XCBuildConfiguration;
			buildSettings = {
				ASSETCATALOG_COMPILER_APPICON_NAME = AppIcon;
				INFOPLIST_FILE = Pokedex/Info.plist;
				LD_RUNPATH_SEARCH_PATHS = "$(inherited) @executable_path/Frameworks";
				PRODUCT_BUNDLE_IDENTIFIER = com.Techinator.Pokedex;
				PRODUCT_NAME = "$(TARGET_NAME)";
			};
			name = Release;
		};
/* End XCBuildConfiguration section */

/* Begin XCConfigurationList section */
		A32A1C961D2FF51F008D7206 /* Build configuration list for PBXProject "Pokedex" */ = {
			isa = XCConfigurationList;
			buildConfigurations = (
				A32A1CAE1D2FF520008D7206 /* Debug */,
				A32A1CAF1D2FF520008D7206 /* Release */,
			);
			defaultConfigurationIsVisible = 0;
			defaultConfigurationName = Release;
		};
		A32A1CB01D2FF520008D7206 /* Build configuration list for PBXNativeTarget "Pokedex" */ = {
			isa = XCConfigurationList;
			buildConfigurations = (
				A32A1CB11D2FF520008D7206 /* Debug */,
				A32A1CB21D2FF520008D7206 /* Release */,
			);
			defaultConfigurationIsVisible = 0;
		};
/* End XCConfigurationList section */

/* Begin XCVersionGroup section */
		A32A1CA51D2FF51F008D7206 /* Pokedex.xcdatamodeld */ = {
			isa = XCVersionGroup;
			children = (
				A32A1CA61D2FF51F008D7206 /* Pokedex.xcdatamodel */,
			);
			currentVersion = A32A1CA61D2FF51F008D7206 /* Pokedex.xcdatamodel */;
			path = Pokedex.xcdatamodeld;
			sourceTree = "<group>";
			versionGroupType = wrapper.xcdatamodel;
		};
/* End XCVersionGroup section */
	};
	rootObject = A32A1C931D2FF51F008D7206 /* Project object */;
}
